// !$*UTF8*$!
{
	archiveVersion = 1;
	classes = {
	};
	objectVersion = 55;
	objects = {

/* Begin PBXBuildFile section */
		75E55A9E27A0E86700E0A77A /* AppDelegate.swift in Sources */ = {isa = PBXBuildFile; fileRef = 75E55A9D27A0E86700E0A77A /* AppDelegate.swift */; };
		75E55AA027A0E86700E0A77A /* SceneDelegate.swift in Sources */ = {isa = PBXBuildFile; fileRef = 75E55A9F27A0E86700E0A77A /* SceneDelegate.swift */; };
		75E55AA227A0E86700E0A77A /* ViewController.swift in Sources */ = {isa = PBXBuildFile; fileRef = 75E55AA127A0E86700E0A77A /* ViewController.swift */; };
		75E55AA527A0E86700E0A77A /* Main.storyboard in Resources */ = {isa = PBXBuildFile; fileRef = 75E55AA327A0E86700E0A77A /* Main.storyboard */; };
		75E55AA727A0E86A00E0A77A /* Assets.xcassets in Resources */ = {isa = PBXBuildFile; fileRef = 75E55AA627A0E86A00E0A77A /* Assets.xcassets */; };
		75E55AAA27A0E86A00E0A77A /* LaunchScreen.storyboard in Resources */ = {isa = PBXBuildFile; fileRef = 75E55AA827A0E86A00E0A77A /* LaunchScreen.storyboard */; };
		75E55AB227A0E8D900E0A77A /* Model.swift in Sources */ = {isa = PBXBuildFile; fileRef = 75E55AB127A0E8D900E0A77A /* Model.swift */; };
		75E55AB427A0EA3000E0A77A /* AlbumViewModel.swift in Sources */ = {isa = PBXBuildFile; fileRef = 75E55AB327A0EA3000E0A77A /* AlbumViewModel.swift */; };
		75E55AB627A0EC2E00E0A77A /* AlbumViewController.swift in Sources */ = {isa = PBXBuildFile; fileRef = 75E55AB527A0EC2E00E0A77A /* AlbumViewController.swift */; };
		75E55ABD27A0ED6300E0A77A /* CustomTableViewCell.swift in Sources */ = {isa = PBXBuildFile; fileRef = 75E55ABB27A0ED6300E0A77A /* CustomTableViewCell.swift */; };
		75E55ABE27A0ED6300E0A77A /* CustomTableViewCell.xib in Resources */ = {isa = PBXBuildFile; fileRef = 75E55ABC27A0ED6300E0A77A /* CustomTableViewCell.xib */; };
		75E55AC027A0F0EC00E0A77A /* Album.storyboard in Resources */ = {isa = PBXBuildFile; fileRef = 75E55ABF27A0F0EC00E0A77A /* Album.storyboard */; };
		75E55AC227A0F25D00E0A77A /* Ext+UIImage.swift in Sources */ = {isa = PBXBuildFile; fileRef = 75E55AC127A0F25D00E0A77A /* Ext+UIImage.swift */; };
		75E55AC827A0F81C00E0A77A /* SimpleLogin.xcdatamodeld in Sources */ = {isa = PBXBuildFile; fileRef = 75E55AC627A0F81C00E0A77A /* SimpleLogin.xcdatamodeld */; };
		75E55ACA27A0F90800E0A77A /* UserStruct.swift in Sources */ = {isa = PBXBuildFile; fileRef = 75E55AC927A0F90800E0A77A /* UserStruct.swift */; };
		75E55ACD27A0F9BB00E0A77A /* UserTable+CoreDataClass.swift in Sources */ = {isa = PBXBuildFile; fileRef = 75E55ACB27A0F9BB00E0A77A /* UserTable+CoreDataClass.swift */; };
		75E55AD427A0FAA300E0A77A /* AdminViewController.swift in Sources */ = {isa = PBXBuildFile; fileRef = 75E55AD327A0FAA300E0A77A /* AdminViewController.swift */; };
		75E55AD727A0FB3B00E0A77A /* UserTableViewCell.swift in Sources */ = {isa = PBXBuildFile; fileRef = 75E55AD527A0FB3B00E0A77A /* UserTableViewCell.swift */; };
		75E55AD827A0FB3B00E0A77A /* UserTableViewCell.xib in Resources */ = {isa = PBXBuildFile; fileRef = 75E55AD627A0FB3B00E0A77A /* UserTableViewCell.xib */; };
		75E55ADA27A0FBE600E0A77A /* Admin.storyboard in Resources */ = {isa = PBXBuildFile; fileRef = 75E55AD927A0FBE600E0A77A /* Admin.storyboard */; };
		75E55ADC27A0FD3400E0A77A /* CoreDataManager.swift in Sources */ = {isa = PBXBuildFile; fileRef = 75E55ADB27A0FD3400E0A77A /* CoreDataManager.swift */; };
		75E55ADE27A1067200E0A77A /* UserTable+CoreDataProperties.swift in Sources */ = {isa = PBXBuildFile; fileRef = 75E55ADD27A1067200E0A77A /* UserTable+CoreDataProperties.swift */; };
/* End PBXBuildFile section */

/* Begin PBXFileReference section */
		75E55A9A27A0E86700E0A77A /* SimpleLogin.app */ = {isa = PBXFileReference; explicitFileType = wrapper.application; includeInIndex = 0; path = SimpleLogin.app; sourceTree = BUILT_PRODUCTS_DIR; };
		75E55A9D27A0E86700E0A77A /* AppDelegate.swift */ = {isa = PBXFileReference; lastKnownFileType = sourcecode.swift; path = AppDelegate.swift; sourceTree = "<group>"; };
		75E55A9F27A0E86700E0A77A /* SceneDelegate.swift */ = {isa = PBXFileReference; lastKnownFileType = sourcecode.swift; path = SceneDelegate.swift; sourceTree = "<group>"; };
		75E55AA127A0E86700E0A77A /* ViewController.swift */ = {isa = PBXFileReference; lastKnownFileType = sourcecode.swift; path = ViewController.swift; sourceTree = "<group>"; };
		75E55AA427A0E86700E0A77A /* Base */ = {isa = PBXFileReference; lastKnownFileType = file.storyboard; name = Base; path = Base.lproj/Main.storyboard; sourceTree = "<group>"; };
		75E55AA627A0E86A00E0A77A /* Assets.xcassets */ = {isa = PBXFileReference; lastKnownFileType = folder.assetcatalog; path = Assets.xcassets; sourceTree = "<group>"; };
		75E55AA927A0E86A00E0A77A /* Base */ = {isa = PBXFileReference; lastKnownFileType = file.storyboard; name = Base; path = Base.lproj/LaunchScreen.storyboard; sourceTree = "<group>"; };
		75E55AAB27A0E86A00E0A77A /* Info.plist */ = {isa = PBXFileReference; lastKnownFileType = text.plist.xml; path = Info.plist; sourceTree = "<group>"; };
		75E55AB127A0E8D900E0A77A /* Model.swift */ = {isa = PBXFileReference; lastKnownFileType = sourcecode.swift; path = Model.swift; sourceTree = "<group>"; };
		75E55AB327A0EA3000E0A77A /* AlbumViewModel.swift */ = {isa = PBXFileReference; lastKnownFileType = sourcecode.swift; path = AlbumViewModel.swift; sourceTree = "<group>"; };
		75E55AB527A0EC2E00E0A77A /* AlbumViewController.swift */ = {isa = PBXFileReference; lastKnownFileType = sourcecode.swift; path = AlbumViewController.swift; sourceTree = "<group>"; };
		75E55ABB27A0ED6300E0A77A /* CustomTableViewCell.swift */ = {isa = PBXFileReference; lastKnownFileType = sourcecode.swift; path = CustomTableViewCell.swift; sourceTree = "<group>"; };
		75E55ABC27A0ED6300E0A77A /* CustomTableViewCell.xib */ = {isa = PBXFileReference; lastKnownFileType = file.xib; path = CustomTableViewCell.xib; sourceTree = "<group>"; };
		75E55ABF27A0F0EC00E0A77A /* Album.storyboard */ = {isa = PBXFileReference; lastKnownFileType = file.storyboard; path = Album.storyboard; sourceTree = "<group>"; };
		75E55AC127A0F25D00E0A77A /* Ext+UIImage.swift */ = {isa = PBXFileReference; lastKnownFileType = sourcecode.swift; path = "Ext+UIImage.swift"; sourceTree = "<group>"; };
		75E55AC727A0F81C00E0A77A /* SimpleLogin.xcdatamodel */ = {isa = PBXFileReference; lastKnownFileType = wrapper.xcdatamodel; path = SimpleLogin.xcdatamodel; sourceTree = "<group>"; };
		75E55AC927A0F90800E0A77A /* UserStruct.swift */ = {isa = PBXFileReference; lastKnownFileType = sourcecode.swift; path = UserStruct.swift; sourceTree = "<group>"; };
		75E55ACB27A0F9BB00E0A77A /* UserTable+CoreDataClass.swift */ = {isa = PBXFileReference; lastKnownFileType = sourcecode.swift; path = "UserTable+CoreDataClass.swift"; sourceTree = "<group>"; };
		75E55AD327A0FAA300E0A77A /* AdminViewController.swift */ = {isa = PBXFileReference; lastKnownFileType = sourcecode.swift; path = AdminViewController.swift; sourceTree = "<group>"; };
		75E55AD527A0FB3B00E0A77A /* UserTableViewCell.swift */ = {isa = PBXFileReference; lastKnownFileType = sourcecode.swift; path = UserTableViewCell.swift; sourceTree = "<group>"; };
		75E55AD627A0FB3B00E0A77A /* UserTableViewCell.xib */ = {isa = PBXFileReference; lastKnownFileType = file.xib; path = UserTableViewCell.xib; sourceTree = "<group>"; };
		75E55AD927A0FBE600E0A77A /* Admin.storyboard */ = {isa = PBXFileReference; lastKnownFileType = file.storyboard; path = Admin.storyboard; sourceTree = "<group>"; };
		75E55ADB27A0FD3400E0A77A /* CoreDataManager.swift */ = {isa = PBXFileReference; lastKnownFileType = sourcecode.swift; path = CoreDataManager.swift; sourceTree = "<group>"; };
		75E55ADD27A1067200E0A77A /* UserTable+CoreDataProperties.swift */ = {isa = PBXFileReference; lastKnownFileType = sourcecode.swift; name = "UserTable+CoreDataProperties.swift"; path = "SimpleLogin/UserTable+CoreDataProperties.swift"; sourceTree = "<group>"; };
/* End PBXFileReference section */

/* Begin PBXFrameworksBuildPhase section */
		75E55A9727A0E86700E0A77A /* Frameworks */ = {
			isa = PBXFrameworksBuildPhase;
			buildActionMask = 2147483647;
			files = (
			);
			runOnlyForDeploymentPostprocessing = 0;
		};
/* End PBXFrameworksBuildPhase section */

/* Begin PBXGroup section */
		75E55A9127A0E86700E0A77A = {
			isa = PBXGroup;
			children = (
				75E55ADD27A1067200E0A77A /* UserTable+CoreDataProperties.swift */,
				75E55A9C27A0E86700E0A77A /* SimpleLogin */,
				75E55A9B27A0E86700E0A77A /* Products */,
			);
			sourceTree = "<group>";
		};
		75E55A9B27A0E86700E0A77A /* Products */ = {
			isa = PBXGroup;
			children = (
				75E55A9A27A0E86700E0A77A /* SimpleLogin.app */,
			);
			name = Products;
			sourceTree = "<group>";
		};
		75E55A9C27A0E86700E0A77A /* SimpleLogin */ = {
			isa = PBXGroup;
			children = (
				75E55ACB27A0F9BB00E0A77A /* UserTable+CoreDataClass.swift */,
				75E55AC627A0F81C00E0A77A /* SimpleLogin.xcdatamodeld */,
				75E55AB127A0E8D900E0A77A /* Model.swift */,
				75E55A9D27A0E86700E0A77A /* AppDelegate.swift */,
				75E55A9F27A0E86700E0A77A /* SceneDelegate.swift */,
				75E55AA127A0E86700E0A77A /* ViewController.swift */,
				75E55AA327A0E86700E0A77A /* Main.storyboard */,
				75E55AA627A0E86A00E0A77A /* Assets.xcassets */,
				75E55AA827A0E86A00E0A77A /* LaunchScreen.storyboard */,
				75E55AAB27A0E86A00E0A77A /* Info.plist */,
				75E55AB327A0EA3000E0A77A /* AlbumViewModel.swift */,
				75E55AB527A0EC2E00E0A77A /* AlbumViewController.swift */,
				75E55ABB27A0ED6300E0A77A /* CustomTableViewCell.swift */,
				75E55ABC27A0ED6300E0A77A /* CustomTableViewCell.xib */,
				75E55ABF27A0F0EC00E0A77A /* Album.storyboard */,
				75E55AC127A0F25D00E0A77A /* Ext+UIImage.swift */,
				75E55AC927A0F90800E0A77A /* UserStruct.swift */,
				75E55AD327A0FAA300E0A77A /* AdminViewController.swift */,
				75E55AD527A0FB3B00E0A77A /* UserTableViewCell.swift */,
				75E55AD627A0FB3B00E0A77A /* UserTableViewCell.xib */,
				75E55AD927A0FBE600E0A77A /* Admin.storyboard */,
				75E55ADB27A0FD3400E0A77A /* CoreDataManager.swift */,
			);
			path = SimpleLogin;
			sourceTree = "<group>";
		};
/* End PBXGroup section */

/* Begin PBXNativeTarget section */
		75E55A9927A0E86700E0A77A /* SimpleLogin */ = {
			isa = PBXNativeTarget;
			buildConfigurationList = 75E55AAE27A0E86A00E0A77A /* Build configuration list for PBXNativeTarget "SimpleLogin" */;
			buildPhases = (
				75E55A9627A0E86700E0A77A /* Sources */,
				75E55A9727A0E86700E0A77A /* Frameworks */,
				75E55A9827A0E86700E0A77A /* Resources */,
			);
			buildRules = (
			);
			dependencies = (
			);
			name = SimpleLogin;
			productName = SimpleLogin;
			productReference = 75E55A9A27A0E86700E0A77A /* SimpleLogin.app */;
			productType = "com.apple.product-type.application";
		};
/* End PBXNativeTarget section */

/* Begin PBXProject section */
		75E55A9227A0E86700E0A77A /* Project object */ = {
			isa = PBXProject;
			attributes = {
				BuildIndependentTargetsInParallel = 1;
				LastSwiftUpdateCheck = 1320;
				LastUpgradeCheck = 1320;
				TargetAttributes = {
					75E55A9927A0E86700E0A77A = {
						CreatedOnToolsVersion = 13.2.1;
					};
				};
			};
			buildConfigurationList = 75E55A9527A0E86700E0A77A /* Build configuration list for PBXProject "SimpleLogin" */;
			compatibilityVersion = "Xcode 13.0";
			developmentRegion = en;
			hasScannedForEncodings = 0;
			knownRegions = (
				en,
				Base,
			);
			mainGroup = 75E55A9127A0E86700E0A77A;
			productRefGroup = 75E55A9B27A0E86700E0A77A /* Products */;
			projectDirPath = "";
			projectRoot = "";
			targets = (
				75E55A9927A0E86700E0A77A /* SimpleLogin */,
			);
		};
/* End PBXProject section */

/* Begin PBXResourcesBuildPhase section */
		75E55A9827A0E86700E0A77A /* Resources */ = {
			isa = PBXResourcesBuildPhase;
			buildActionMask = 2147483647;
			files = (
				75E55AAA27A0E86A00E0A77A /* LaunchScreen.storyboard in Resources */,
				75E55ADA27A0FBE600E0A77A /* Admin.storyboard in Resources */,
				75E55AA727A0E86A00E0A77A /* Assets.xcassets in Resources */,
				75E55ABE27A0ED6300E0A77A /* CustomTableViewCell.xib in Resources */,
				75E55AA527A0E86700E0A77A /* Main.storyboard in Resources */,
				75E55AD827A0FB3B00E0A77A /* UserTableViewCell.xib in Resources */,
				75E55AC027A0F0EC00E0A77A /* Album.storyboard in Resources */,
			);
			runOnlyForDeploymentPostprocessing = 0;
		};
/* End PBXResourcesBuildPhase section */

/* Begin PBXSourcesBuildPhase section */
		75E55A9627A0E86700E0A77A /* Sources */ = {
			isa = PBXSourcesBuildPhase;
			buildActionMask = 2147483647;
			files = (
				75E55AB627A0EC2E00E0A77A /* AlbumViewController.swift in Sources */,
				75E55AC227A0F25D00E0A77A /* Ext+UIImage.swift in Sources */,
				75E55AD727A0FB3B00E0A77A /* UserTableViewCell.swift in Sources */,
				75E55ADC27A0FD3400E0A77A /* CoreDataManager.swift in Sources */,
				75E55AA227A0E86700E0A77A /* ViewController.swift in Sources */,
				75E55A9E27A0E86700E0A77A /* AppDelegate.swift in Sources */,
				75E55ADE27A1067200E0A77A /* UserTable+CoreDataProperties.swift in Sources */,
				75E55ABD27A0ED6300E0A77A /* CustomTableViewCell.swift in Sources */,
				75E55AC827A0F81C00E0A77A /* SimpleLogin.xcdatamodeld in Sources */,
				75E55AA027A0E86700E0A77A /* SceneDelegate.swift in Sources */,
				75E55AD427A0FAA300E0A77A /* AdminViewController.swift in Sources */,
				75E55AB427A0EA3000E0A77A /* AlbumViewModel.swift in Sources */,
				75E55AB227A0E8D900E0A77A /* Model.swift in Sources */,
				75E55ACA27A0F90800E0A77A /* UserStruct.swift in Sources */,
				75E55ACD27A0F9BB00E0A77A /* UserTable+CoreDataClass.swift in Sources */,
			);
			runOnlyForDeploymentPostprocessing = 0;
		};
/* End PBXSourcesBuildPhase section */

/* Begin PBXVariantGroup section */
		75E55AA327A0E86700E0A77A /* Main.storyboard */ = {
			isa = PBXVariantGroup;
			children = (
				75E55AA427A0E86700E0A77A /* Base */,
			);
			name = Main.storyboard;
			sourceTree = "<group>";
		};
		75E55AA827A0E86A00E0A77A /* LaunchScreen.storyboard */ = {
			isa = PBXVariantGroup;
			children = (
				75E55AA927A0E86A00E0A77A /* Base */,
			);
			name = LaunchScreen.storyboard;
			sourceTree = "<group>";
		};
/* End PBXVariantGroup section */

/* Begin XCBuildConfiguration section */
		75E55AAC27A0E86A00E0A77A /* Debug */ = {
			isa = XCBuildConfiguration;
			buildSettings = {
				ALWAYS_SEARCH_USER_PATHS = NO;
				CLANG_ANALYZER_NONNULL = YES;
				CLANG_ANALYZER_NUMBER_OBJECT_CONVERSION = YES_AGGRESSIVE;
				CLANG_CXX_LANGUAGE_STANDARD = "gnu++17";
				CLANG_CXX_LIBRARY = "libc++";
				CLANG_ENABLE_MODULES = YES;
				CLANG_ENABLE_OBJC_ARC = YES;
				CLANG_ENABLE_OBJC_WEAK = YES;
				CLANG_WARN_BLOCK_CAPTURE_AUTORELEASING = YES;
				CLANG_WARN_BOOL_CONVERSION = YES;
				CLANG_WARN_COMMA = YES;
				CLANG_WARN_CONSTANT_CONVERSION = YES;
				CLANG_WARN_DEPRECATED_OBJC_IMPLEMENTATIONS = YES;
				CLANG_WARN_DIRECT_OBJC_ISA_USAGE = YES_ERROR;
				CLANG_WARN_DOCUMENTATION_COMMENTS = YES;
				CLANG_WARN_EMPTY_BODY = YES;
				CLANG_WARN_ENUM_CONVERSION = YES;
				CLANG_WARN_INFINITE_RECURSION = YES;
				CLANG_WARN_INT_CONVERSION = YES;
				CLANG_WARN_NON_LITERAL_NULL_CONVERSION = YES;
				CLANG_WARN_OBJC_IMPLICIT_RETAIN_SELF = YES;
				CLANG_WARN_OBJC_LITERAL_CONVERSION = YES;
				CLANG_WARN_OBJC_ROOT_CLASS = YES_ERROR;
				CLANG_WARN_QUOTED_INCLUDE_IN_FRAMEWORK_HEADER = YES;
				CLANG_WARN_RANGE_LOOP_ANALYSIS = YES;
				CLANG_WARN_STRICT_PROTOTYPES = YES;
				CLANG_WARN_SUSPICIOUS_MOVE = YES;
				CLANG_WARN_UNGUARDED_AVAILABILITY = YES_AGGRESSIVE;
				CLANG_WARN_UNREACHABLE_CODE = YES;
				CLANG_WARN__DUPLICATE_METHOD_MATCH = YES;
				COPY_PHASE_STRIP = NO;
				DEBUG_INFORMATION_FORMAT = dwarf;
				ENABLE_STRICT_OBJC_MSGSEND = YES;
				ENABLE_TESTABILITY = YES;
				GCC_C_LANGUAGE_STANDARD = gnu11;
				GCC_DYNAMIC_NO_PIC = NO;
				GCC_NO_COMMON_BLOCKS = YES;
				GCC_OPTIMIZATION_LEVEL = 0;
				GCC_PREPROCESSOR_DEFINITIONS = (
					"DEBUG=1",
					"$(inherited)",
				);
				GCC_WARN_64_TO_32_BIT_CONVERSION = YES;
				GCC_WARN_ABOUT_RETURN_TYPE = YES_ERROR;
				GCC_WARN_UNDECLARED_SELECTOR = YES;
				GCC_WARN_UNINITIALIZED_AUTOS = YES_AGGRESSIVE;
				GCC_WARN_UNUSED_FUNCTION = YES;
				GCC_WARN_UNUSED_VARIABLE = YES;
				IPHONEOS_DEPLOYMENT_TARGET = 15.2;
				MTL_ENABLE_DEBUG_INFO = INCLUDE_SOURCE;
				MTL_FAST_MATH = YES;
				ONLY_ACTIVE_ARCH = YES;
				SDKROOT = iphoneos;
				SWIFT_ACTIVE_COMPILATION_CONDITIONS = DEBUG;
				SWIFT_OPTIMIZATION_LEVEL = "-Onone";
			};
			name = Debug;
		};
		75E55AAD27A0E86A00E0A77A /* Release */ = {
			isa = XCBuildConfiguration;
			buildSettings = {
				ALWAYS_SEARCH_USER_PATHS = NO;
				CLANG_ANALYZER_NONNULL = YES;
				CLANG_ANALYZER_NUMBER_OBJECT_CONVERSION = YES_AGGRESSIVE;
				CLANG_CXX_LANGUAGE_STANDARD = "gnu++17";
				CLANG_CXX_LIBRARY = "libc++";
				CLANG_ENABLE_MODULES = YES;
				CLANG_ENABLE_OBJC_ARC = YES;
				CLANG_ENABLE_OBJC_WEAK = YES;
				CLANG_WARN_BLOCK_CAPTURE_AUTORELEASING = YES;
				CLANG_WARN_BOOL_CONVERSION = YES;
				CLANG_WARN_COMMA = YES;
				CLANG_WARN_CONSTANT_CONVERSION = YES;
				CLANG_WARN_DEPRECATED_OBJC_IMPLEMENTATIONS = YES;
				CLANG_WARN_DIRECT_OBJC_ISA_USAGE = YES_ERROR;
				CLANG_WARN_DOCUMENTATION_COMMENTS = YES;
				CLANG_WARN_EMPTY_BODY = YES;
				CLANG_WARN_ENUM_CONVERSION = YES;
				CLANG_WARN_INFINITE_RECURSION = YES;
				CLANG_WARN_INT_CONVERSION = YES;
				CLANG_WARN_NON_LITERAL_NULL_CONVERSION = YES;
				CLANG_WARN_OBJC_IMPLICIT_RETAIN_SELF = YES;
				CLANG_WARN_OBJC_LITERAL_CONVERSION = YES;
				CLANG_WARN_OBJC_ROOT_CLASS = YES_ERROR;
				CLANG_WARN_QUOTED_INCLUDE_IN_FRAMEWORK_HEADER = YES;
				CLANG_WARN_RANGE_LOOP_ANALYSIS = YES;
				CLANG_WARN_STRICT_PROTOTYPES = YES;
				CLANG_WARN_SUSPICIOUS_MOVE = YES;
				CLANG_WARN_UNGUARDED_AVAILABILITY = YES_AGGRESSIVE;
				CLANG_WARN_UNREACHABLE_CODE = YES;
				CLANG_WARN__DUPLICATE_METHOD_MATCH = YES;
				COPY_PHASE_STRIP = NO;
				DEBUG_INFORMATION_FORMAT = "dwarf-with-dsym";
				ENABLE_NS_ASSERTIONS = NO;
				ENABLE_STRICT_OBJC_MSGSEND = YES;
				GCC_C_LANGUAGE_STANDARD = gnu11;
				GCC_NO_COMMON_BLOCKS = YES;
				GCC_WARN_64_TO_32_BIT_CONVERSION = YES;
				GCC_WARN_ABOUT_RETURN_TYPE = YES_ERROR;
				GCC_WARN_UNDECLARED_SELECTOR = YES;
				GCC_WARN_UNINITIALIZED_AUTOS = YES_AGGRESSIVE;
				GCC_WARN_UNUSED_FUNCTION = YES;
				GCC_WARN_UNUSED_VARIABLE = YES;
				IPHONEOS_DEPLOYMENT_TARGET = 15.2;
				MTL_ENABLE_DEBUG_INFO = NO;
				MTL_FAST_MATH = YES;
				SDKROOT = iphoneos;
				SWIFT_COMPILATION_MODE = wholemodule;
				SWIFT_OPTIMIZATION_LEVEL = "-O";
				VALIDATE_PRODUCT = YES;
			};
			name = Release;
		};
		75E55AAF27A0E86A00E0A77A /* Debug */ = {
			isa = XCBuildConfiguration;
			buildSettings = {
				ASSETCATALOG_COMPILER_APPICON_NAME = AppIcon;
				ASSETCATALOG_COMPILER_GLOBAL_ACCENT_COLOR_NAME = AccentColor;
				CODE_SIGN_STYLE = Automatic;
				CURRENT_PROJECT_VERSION = 1;
				DEVELOPMENT_TEAM = 267ZBTAUVV;
				GENERATE_INFOPLIST_FILE = YES;
				INFOPLIST_FILE = SimpleLogin/Info.plist;
				INFOPLIST_KEY_UIApplicationSupportsIndirectInputEvents = YES;
				INFOPLIST_KEY_UILaunchStoryboardName = LaunchScreen;
				INFOPLIST_KEY_UIMainStoryboardFile = Main;
				INFOPLIST_KEY_UISupportedInterfaceOrientations_iPad = "UIInterfaceOrientationPortrait UIInterfaceOrientationPortraitUpsideDown UIInterfaceOrientationLandscapeLeft UIInterfaceOrientationLandscapeRight";
				INFOPLIST_KEY_UISupportedInterfaceOrientations_iPhone = "UIInterfaceOrientationPortrait UIInterfaceOrientationLandscapeLeft UIInterfaceOrientationLandscapeRight";
				LD_RUNPATH_SEARCH_PATHS = (
					"$(inherited)",
					"@executable_path/Frameworks",
				);
				MARKETING_VERSION = 1.0;
				PRODUCT_BUNDLE_IDENTIFIER = com.AppleDeveloperAcademy.SimpleLogin;
				PRODUCT_NAME = "$(TARGET_NAME)";
				SWIFT_EMIT_LOC_STRINGS = YES;
				SWIFT_VERSION = 5.0;
				TARGETED_DEVICE_FAMILY = "1,2";
			};
			name = Debug;
		};
		75E55AB027A0E86A00E0A77A /* Release */ = {
			isa = XCBuildConfiguration;
			buildSettings = {
				ASSETCATALOG_COMPILER_APPICON_NAME = AppIcon;
				ASSETCATALOG_COMPILER_GLOBAL_ACCENT_COLOR_NAME = AccentColor;
				CODE_SIGN_STYLE = Automatic;
				CURRENT_PROJECT_VERSION = 1;
				DEVELOPMENT_TEAM = 267ZBTAUVV;
				GENERATE_INFOPLIST_FILE = YES;
				INFOPLIST_FILE = SimpleLogin/Info.plist;
				INFOPLIST_KEY_UIApplicationSupportsIndirectInputEvents = YES;
				INFOPLIST_KEY_UILaunchStoryboardName = LaunchScreen;
				INFOPLIST_KEY_UIMainStoryboardFile = Main;
				INFOPLIST_KEY_UISupportedInterfaceOrientations_iPad = "UIInterfaceOrientationPortrait UIInterfaceOrientationPortraitUpsideDown UIInterfaceOrientationLandscapeLeft UIInterfaceOrientationLandscapeRight";
				INFOPLIST_KEY_UISupportedInterfaceOrientations_iPhone = "UIInterfaceOrientationPortrait UIInterfaceOrientationLandscapeLeft UIInterfaceOrientationLandscapeRight";
				LD_RUNPATH_SEARCH_PATHS = (
					"$(inherited)",
					"@executable_path/Frameworks",
				);
				MARKETING_VERSION = 1.0;
				PRODUCT_BUNDLE_IDENTIFIER = com.AppleDeveloperAcademy.SimpleLogin;
				PRODUCT_NAME = "$(TARGET_NAME)";
				SWIFT_EMIT_LOC_STRINGS = YES;
				SWIFT_VERSION = 5.0;
				TARGETED_DEVICE_FAMILY = "1,2";
			};
			name = Release;
		};
/* End XCBuildConfiguration section */

/* Begin XCConfigurationList section */
		75E55A9527A0E86700E0A77A /* Build configuration list for PBXProject "SimpleLogin" */ = {
			isa = XCConfigurationList;
			buildConfigurations = (
				75E55AAC27A0E86A00E0A77A /* Debug */,
				75E55AAD27A0E86A00E0A77A /* Release */,
			);
			defaultConfigurationIsVisible = 0;
			defaultConfigurationName = Release;
		};
		75E55AAE27A0E86A00E0A77A /* Build configuration list for PBXNativeTarget "SimpleLogin" */ = {
			isa = XCConfigurationList;
			buildConfigurations = (
				75E55AAF27A0E86A00E0A77A /* Debug */,
				75E55AB027A0E86A00E0A77A /* Release */,
			);
			defaultConfigurationIsVisible = 0;
			defaultConfigurationName = Release;
		};
/* End XCConfigurationList section */

/* Begin XCVersionGroup section */
		75E55AC627A0F81C00E0A77A /* SimpleLogin.xcdatamodeld */ = {
			isa = XCVersionGroup;
			children = (
				75E55AC727A0F81C00E0A77A /* SimpleLogin.xcdatamodel */,
			);
			currentVersion = 75E55AC727A0F81C00E0A77A /* SimpleLogin.xcdatamodel */;
			path = SimpleLogin.xcdatamodeld;
			sourceTree = "<group>";
			versionGroupType = wrapper.xcdatamodel;
		};
/* End XCVersionGroup section */
	};
	rootObject = 75E55A9227A0E86700E0A77A /* Project object */;
}
